
Microsoft Visual Studio Solution File, Format Version 12.00
# Visual Studio Version 17
VisualStudioVersion = 17.11.35327.3
MinimumVisualStudioVersion = 10.0.40219.1
Project("{9A19103F-16F7-4668-BE54-9A1E7A4F7556}") = "Doantour", "Doantour\Doantour.csproj", "{6B7D7490-0F34-4D30-865C-A8EE6A34C9CE}"
EndProject
Project("{2150E333-8FDC-42A3-9474-1A3956D46DE8}") = "Solution Items", "Solution Items", "{329BD931-8524-40A9-A9F7-9295DC7C9DED}"
	ProjectSection(SolutionItems) = preProject
		.gitignore = .gitignore
	EndProjectSection
EndProject
Project("{FAE04EC0-301F-11D3-BF4B-00C04F79EFBC}") = "TestDoantour", "TestDoantour\TestDoantour.csproj", "{5F2DDD8A-CCF7-44B6-9B6E-63E92CE8E65E}"
EndProject
Global
	GlobalSection(SolutionConfigurationPlatforms) = preSolution
		Debug|Any CPU = Debug|Any CPU
		Release|Any CPU = Release|Any CPU
	EndGlobalSection
	GlobalSection(ProjectConfigurationPlatforms) = postSolution
		{6B7D7490-0F34-4D30-865C-A8EE6A34C9CE}.Debug|Any CPU.ActiveCfg = Debug|Any CPU
		{6B7D7490-0F34-4D30-865C-A8EE6A34C9CE}.Debug|Any CPU.Build.0 = Debug|Any CPU
		{6B7D7490-0F34-4D30-865C-A8EE6A34C9CE}.Release|Any CPU.ActiveCfg = Release|Any CPU
		{6B7D7490-0F34-4D30-865C-A8EE6A34C9CE}.Release|Any CPU.Build.0 = Release|Any CPU
		{5F2DDD8A-CCF7-44B6-9B6E-63E92CE8E65E}.Debug|Any CPU.ActiveCfg = Debug|Any CPU
		{5F2DDD8A-CCF7-44B6-9B6E-63E92CE8E65E}.Debug|Any CPU.Build.0 = Debug|Any CPU
		{5F2DDD8A-CCF7-44B6-9B6E-63E92CE8E65E}.Release|Any CPU.ActiveCfg = Release|Any CPU
		{5F2DDD8A-CCF7-44B6-9B6E-63E92CE8E65E}.Release|Any CPU.Build.0 = Release|Any CPU
	EndGlobalSection
	GlobalSection(SolutionProperties) = preSolution
		HideSolutionNode = FALSE
	EndGlobalSection
	GlobalSection(ExtensibilityGlobals) = postSolution
		SolutionGuid = {94A4847A-5E96-4CC7-8D32-4120EF2295DA}
	EndGlobalSection
EndGlobal
